github.com/gurkankaymak/hocon v1.2.18 h1:/COj3okWh58himiYO0R7PrPX+iE7PbuzTn2cEv7fPsw=
github.com/gurkankaymak/hocon v1.2.18/go.mod h1:dQCfhnuDKlLqAZRGhFTd81HkAfMx7STHv0w2JkJ6iq4=
github.com/lib/pq v1.10.9 h1:YXG7RB+JIjhP29X+OtkiDnYaXQwpS4JEWq7dtCCRUEw=
github.com/lib/pq v1.10.9/go.mod h1:AlVN5x4E4T544tWzH6hKfbfQvm3HdbOxrmggDNAPY9o=
